
Microsoft Visual Studio Solution File, Format Version 12.00
# Visual Studio Version 17
VisualStudioVersion = 17.12.35506.116 d17.12
MinimumVisualStudioVersion = 10.0.40219.1
Project("{C9674DCB-5085-4A16-B785-4C70DD1589BD}") = "IntegrationServicesProject1", "IntegrationServicesProject1\IntegrationServicesProject1.dtproj", "{BD7B7B99-3EBE-49F7-A3E3-1AC27DB4BD7F}"
EndProject
Global
	GlobalSection(SolutionConfigurationPlatforms) = preSolution
		Development|Default = Development|Default
	EndGlobalSection
	GlobalSection(ProjectConfigurationPlatforms) = postSolution
		{BD7B7B99-3EBE-49F7-A3E3-1AC27DB4BD7F}.Development|Default.ActiveCfg = Development
		{BD7B7B99-3EBE-49F7-A3E3-1AC27DB4BD7F}.Development|Default.Build.0 = Development
	EndGlobalSection
	GlobalSection(SolutionProperties) = preSolution
		HideSolutionNode = FALSE
	EndGlobalSection
EndGlobal
